
Microsoft Visual Studio Solution File, Format Version 12.00
# Visual Studio 15
VisualStudioVersion = 15.0.28010.2041
MinimumVisualStudioVersion = 10.0.40219.1
Project("{9A19103F-16F7-4668-BE54-9A1E7A4F7556}") = "VehicleWebApi", "VehicleWebApi\VehicleWebApi.csproj", "{516EB274-06D7-46F7-8788-C70B6FE14966}"
EndProject
Project("{FAE04EC0-301F-11D3-BF4B-00C04F79EFBC}") = "VehicleWebApi.DAL", "VehicleWebApi.DAL\VehicleWebApi.DAL.csproj", "{54DA5F6A-0423-4DB1-90ED-9EF28F0440F8}"
EndProject
Global
	GlobalSection(SolutionConfigurationPlatforms) = preSolution
		Debug|Any CPU = Debug|Any CPU
		Release|Any CPU = Release|Any CPU
	EndGlobalSection
	GlobalSection(ProjectConfigurationPlatforms) = postSolution
		{516EB274-06D7-46F7-8788-C70B6FE14966}.Debug|Any CPU.ActiveCfg = Debug|Any CPU
		{516EB274-06D7-46F7-8788-C70B6FE14966}.Debug|Any CPU.Build.0 = Debug|Any CPU
		{516EB274-06D7-46F7-8788-C70B6FE14966}.Release|Any CPU.ActiveCfg = Release|Any CPU
		{516EB274-06D7-46F7-8788-C70B6FE14966}.Release|Any CPU.Build.0 = Release|Any CPU
		{54DA5F6A-0423-4DB1-90ED-9EF28F0440F8}.Debug|Any CPU.ActiveCfg = Debug|Any CPU
		{54DA5F6A-0423-4DB1-90ED-9EF28F0440F8}.Debug|Any CPU.Build.0 = Debug|Any CPU
		{54DA5F6A-0423-4DB1-90ED-9EF28F0440F8}.Release|Any CPU.ActiveCfg = Release|Any CPU
		{54DA5F6A-0423-4DB1-90ED-9EF28F0440F8}.Release|Any CPU.Build.0 = Release|Any CPU
	EndGlobalSection
	GlobalSection(SolutionProperties) = preSolution
		HideSolutionNode = FALSE
	EndGlobalSection
	GlobalSection(ExtensibilityGlobals) = postSolution
		SolutionGuid = {032C82B1-9344-47B5-ACEA-3BACF6AFCC14}
	EndGlobalSection
EndGlobal
